
Microsoft Visual Studio Solution File, Format Version 12.00
# Visual Studio 15
VisualStudioVersion = 15.0.28307.168
MinimumVisualStudioVersion = 10.0.40219.1
Project("{FAE04EC0-301F-11D3-BF4B-00C04F79EFBC}") = "HelloWorldDotNet", "HelloWorldDotNet\HelloWorldDotNet.csproj", "{FDC2587C-5EBE-456F-8013-61C14C09AE6F}"
EndProject
Global
	GlobalSection(SolutionConfigurationPlatforms) = preSolution
		Debug|Any CPU = Debug|Any CPU
		Release|Any CPU = Release|Any CPU
	EndGlobalSection
	GlobalSection(ProjectConfigurationPlatforms) = postSolution
		{FDC2587C-5EBE-456F-8013-61C14C09AE6F}.Debug|Any CPU.ActiveCfg = Debug|Any CPU
		{FDC2587C-5EBE-456F-8013-61C14C09AE6F}.Debug|Any CPU.Build.0 = Debug|Any CPU
		{FDC2587C-5EBE-456F-8013-61C14C09AE6F}.Release|Any CPU.ActiveCfg = Release|Any CPU
		{FDC2587C-5EBE-456F-8013-61C14C09AE6F}.Release|Any CPU.Build.0 = Release|Any CPU
	EndGlobalSection
	GlobalSection(SolutionProperties) = preSolution
		HideSolutionNode = FALSE
	EndGlobalSection
	GlobalSection(ExtensibilityGlobals) = postSolution
		SolutionGuid = {848630E4-542A-4740-8A3F-2D426B8CEC0E}
	EndGlobalSection
EndGlobal
